[root]
name = "excfinder"
version = "0.0.1"
dependencies = [
 "getopts 0.1.4 (registry+https://github.com/rust-lang/crates.io-index)",
 "lines 0.0.1",
 "regex 0.1.10 (registry+https://github.com/rust-lang/crates.io-index)",
]

[[package]]
name = "getopts"
version = "0.1.4"
source = "registry+https://github.com/rust-lang/crates.io-index"

[[package]]
name = "lines"
version = "0.0.1"

[[package]]
name = "regex"
version = "0.1.10"
source = "registry+https://github.com/rust-lang/crates.io-index"

